
Microsoft Visual Studio Solution File, Format Version 12.00
# Visual Studio 14
VisualStudioVersion = 14.0.25420.1
MinimumVisualStudioVersion = 10.0.40219.1
Project("{FAE04EC0-301F-11D3-BF4B-00C04F79EFBC}") = "SideBattleRPG", "SideBattleRPG\SideBattleRPG.csproj", "{8C1D02E1-5942-47FE-B2E3-9662D27E24DD}"
EndProject
Project("{FAE04EC0-301F-11D3-BF4B-00C04F79EFBC}") = "GameUtilities", "GameUtilities\GameUtilities.csproj", "{55AE7C36-8BCE-4820-B4F5-4AA2F13B0737}"
EndProject
Project("{FAE04EC0-301F-11D3-BF4B-00C04F79EFBC}") = "Database", "Database\Database.csproj", "{53865B18-9097-467B-9582-F80247F8228A}"
EndProject
Global
	GlobalSection(SolutionConfigurationPlatforms) = preSolution
		Debug|Any CPU = Debug|Any CPU
		Debug|ARM = Debug|ARM
		Debug|x64 = Debug|x64
		Debug|x86 = Debug|x86
		Release|Any CPU = Release|Any CPU
		Release|ARM = Release|ARM
		Release|x64 = Release|x64
		Release|x86 = Release|x86
	EndGlobalSection
	GlobalSection(ProjectConfigurationPlatforms) = postSolution
		{8C1D02E1-5942-47FE-B2E3-9662D27E24DD}.Debug|Any CPU.ActiveCfg = Debug|x86
		{8C1D02E1-5942-47FE-B2E3-9662D27E24DD}.Debug|ARM.ActiveCfg = Debug|ARM
		{8C1D02E1-5942-47FE-B2E3-9662D27E24DD}.Debug|ARM.Build.0 = Debug|ARM
		{8C1D02E1-5942-47FE-B2E3-9662D27E24DD}.Debug|ARM.Deploy.0 = Debug|ARM
		{8C1D02E1-5942-47FE-B2E3-9662D27E24DD}.Debug|x64.ActiveCfg = Debug|x86
		{8C1D02E1-5942-47FE-B2E3-9662D27E24DD}.Debug|x64.Build.0 = Debug|x86
		{8C1D02E1-5942-47FE-B2E3-9662D27E24DD}.Debug|x64.Deploy.0 = Debug|x86
		{8C1D02E1-5942-47FE-B2E3-9662D27E24DD}.Debug|x86.ActiveCfg = Debug|x86
		{8C1D02E1-5942-47FE-B2E3-9662D27E24DD}.Debug|x86.Build.0 = Debug|x86
		{8C1D02E1-5942-47FE-B2E3-9662D27E24DD}.Debug|x86.Deploy.0 = Debug|x86
		{8C1D02E1-5942-47FE-B2E3-9662D27E24DD}.Release|Any CPU.ActiveCfg = Release|x86
		{8C1D02E1-5942-47FE-B2E3-9662D27E24DD}.Release|ARM.ActiveCfg = Release|ARM
		{8C1D02E1-5942-47FE-B2E3-9662D27E24DD}.Release|ARM.Build.0 = Release|ARM
		{8C1D02E1-5942-47FE-B2E3-9662D27E24DD}.Release|ARM.Deploy.0 = Release|ARM
		{8C1D02E1-5942-47FE-B2E3-9662D27E24DD}.Release|x64.ActiveCfg = Release|x64
		{8C1D02E1-5942-47FE-B2E3-9662D27E24DD}.Release|x64.Build.0 = Release|x64
		{8C1D02E1-5942-47FE-B2E3-9662D27E24DD}.Release|x64.Deploy.0 = Release|x64
		{8C1D02E1-5942-47FE-B2E3-9662D27E24DD}.Release|x86.ActiveCfg = Release|x86
		{8C1D02E1-5942-47FE-B2E3-9662D27E24DD}.Release|x86.Build.0 = Release|x86
		{8C1D02E1-5942-47FE-B2E3-9662D27E24DD}.Release|x86.Deploy.0 = Release|x86
		{55AE7C36-8BCE-4820-B4F5-4AA2F13B0737}.Debug|Any CPU.ActiveCfg = Debug|Any CPU
		{55AE7C36-8BCE-4820-B4F5-4AA2F13B0737}.Debug|Any CPU.Build.0 = Debug|Any CPU
		{55AE7C36-8BCE-4820-B4F5-4AA2F13B0737}.Debug|ARM.ActiveCfg = Debug|Any CPU
		{55AE7C36-8BCE-4820-B4F5-4AA2F13B0737}.Debug|ARM.Build.0 = Debug|Any CPU
		{55AE7C36-8BCE-4820-B4F5-4AA2F13B0737}.Debug|x64.ActiveCfg = Debug|Any CPU
		{55AE7C36-8BCE-4820-B4F5-4AA2F13B0737}.Debug|x64.Build.0 = Debug|Any CPU
		{55AE7C36-8BCE-4820-B4F5-4AA2F13B0737}.Debug|x64.Deploy.0 = Debug|Any CPU
		{55AE7C36-8BCE-4820-B4F5-4AA2F13B0737}.Debug|x86.ActiveCfg = Debug|Any CPU
		{55AE7C36-8BCE-4820-B4F5-4AA2F13B0737}.Debug|x86.Build.0 = Debug|Any CPU
		{55AE7C36-8BCE-4820-B4F5-4AA2F13B0737}.Release|Any CPU.ActiveCfg = Release|Any CPU
		{55AE7C36-8BCE-4820-B4F5-4AA2F13B0737}.Release|Any CPU.Build.0 = Release|Any CPU
		{55AE7C36-8BCE-4820-B4F5-4AA2F13B0737}.Release|ARM.ActiveCfg = Release|Any CPU
		{55AE7C36-8BCE-4820-B4F5-4AA2F13B0737}.Release|ARM.Build.0 = Release|Any CPU
		{55AE7C36-8BCE-4820-B4F5-4AA2F13B0737}.Release|x64.ActiveCfg = Release|Any CPU
		{55AE7C36-8BCE-4820-B4F5-4AA2F13B0737}.Release|x64.Build.0 = Release|Any CPU
		{55AE7C36-8BCE-4820-B4F5-4AA2F13B0737}.Release|x86.ActiveCfg = Release|Any CPU
		{55AE7C36-8BCE-4820-B4F5-4AA2F13B0737}.Release|x86.Build.0 = Release|Any CPU
		{53865B18-9097-467B-9582-F80247F8228A}.Debug|Any CPU.ActiveCfg = Debug|Any CPU
		{53865B18-9097-467B-9582-F80247F8228A}.Debug|Any CPU.Build.0 = Debug|Any CPU
		{53865B18-9097-467B-9582-F80247F8228A}.Debug|ARM.ActiveCfg = Debug|Any CPU
		{53865B18-9097-467B-9582-F80247F8228A}.Debug|ARM.Build.0 = Debug|Any CPU
		{53865B18-9097-467B-9582-F80247F8228A}.Debug|x64.ActiveCfg = Debug|Any CPU
		{53865B18-9097-467B-9582-F80247F8228A}.Debug|x64.Build.0 = Debug|Any CPU
		{53865B18-9097-467B-9582-F80247F8228A}.Debug|x86.ActiveCfg = Debug|Any CPU
		{53865B18-9097-467B-9582-F80247F8228A}.Debug|x86.Build.0 = Debug|Any CPU
		{53865B18-9097-467B-9582-F80247F8228A}.Release|Any CPU.ActiveCfg = Release|Any CPU
		{53865B18-9097-467B-9582-F80247F8228A}.Release|Any CPU.Build.0 = Release|Any CPU
		{53865B18-9097-467B-9582-F80247F8228A}.Release|ARM.ActiveCfg = Release|Any CPU
		{53865B18-9097-467B-9582-F80247F8228A}.Release|ARM.Build.0 = Release|Any CPU
		{53865B18-9097-467B-9582-F80247F8228A}.Release|x64.ActiveCfg = Release|Any CPU
		{53865B18-9097-467B-9582-F80247F8228A}.Release|x64.Build.0 = Release|Any CPU
		{53865B18-9097-467B-9582-F80247F8228A}.Release|x86.ActiveCfg = Release|Any CPU
		{53865B18-9097-467B-9582-F80247F8228A}.Release|x86.Build.0 = Release|Any CPU
	EndGlobalSection
	GlobalSection(SolutionProperties) = preSolution
		HideSolutionNode = FALSE
	EndGlobalSection
EndGlobal
