
Microsoft Visual Studio Solution File, Format Version 12.00
# Visual Studio 14
VisualStudioVersion = 14.0.25420.1
MinimumVisualStudioVersion = 10.0.40219.1
Project("{FAE04EC0-301F-11D3-BF4B-00C04F79EFBC}") = "Database", "Database\Database.csproj", "{53865B18-9097-467B-9582-F80247F8228A}"
EndProject
Project("{FAE04EC0-301F-11D3-BF4B-00C04F79EFBC}") = "EnemyBattleSimluator", "EnemyBattleSimluator\EnemyBattleSimluator.csproj", "{D181033F-83A9-4D7E-A168-173B131BA95F}"
EndProject
Project("{FAE04EC0-301F-11D3-BF4B-00C04F79EFBC}") = "MapBuilder", "MapBuilder\MapBuilder.csproj", "{5E4DC518-E3FD-4BA2-94C9-2BD8EA369852}"
EndProject
Project("{FAE04EC0-301F-11D3-BF4B-00C04F79EFBC}") = "CharacterCreator", "CharacterCreator\CharacterCreator.csproj", "{86416D88-C5E9-484C-B399-54F854460519}"
EndProject
Global
	GlobalSection(SolutionConfigurationPlatforms) = preSolution
		Debug|Any CPU = Debug|Any CPU
		Debug|ARM = Debug|ARM
		Debug|x64 = Debug|x64
		Debug|x86 = Debug|x86
		Release|Any CPU = Release|Any CPU
		Release|ARM = Release|ARM
		Release|x64 = Release|x64
		Release|x86 = Release|x86
	EndGlobalSection
	GlobalSection(ProjectConfigurationPlatforms) = postSolution
		{53865B18-9097-467B-9582-F80247F8228A}.Debug|Any CPU.ActiveCfg = Debug|Any CPU
		{53865B18-9097-467B-9582-F80247F8228A}.Debug|Any CPU.Build.0 = Debug|Any CPU
		{53865B18-9097-467B-9582-F80247F8228A}.Debug|ARM.ActiveCfg = Debug|Any CPU
		{53865B18-9097-467B-9582-F80247F8228A}.Debug|ARM.Build.0 = Debug|Any CPU
		{53865B18-9097-467B-9582-F80247F8228A}.Debug|x64.ActiveCfg = Debug|Any CPU
		{53865B18-9097-467B-9582-F80247F8228A}.Debug|x64.Build.0 = Debug|Any CPU
		{53865B18-9097-467B-9582-F80247F8228A}.Debug|x86.ActiveCfg = Debug|Any CPU
		{53865B18-9097-467B-9582-F80247F8228A}.Debug|x86.Build.0 = Debug|Any CPU
		{53865B18-9097-467B-9582-F80247F8228A}.Release|Any CPU.ActiveCfg = Release|Any CPU
		{53865B18-9097-467B-9582-F80247F8228A}.Release|Any CPU.Build.0 = Release|Any CPU
		{53865B18-9097-467B-9582-F80247F8228A}.Release|ARM.ActiveCfg = Release|Any CPU
		{53865B18-9097-467B-9582-F80247F8228A}.Release|ARM.Build.0 = Release|Any CPU
		{53865B18-9097-467B-9582-F80247F8228A}.Release|x64.ActiveCfg = Release|Any CPU
		{53865B18-9097-467B-9582-F80247F8228A}.Release|x64.Build.0 = Release|Any CPU
		{53865B18-9097-467B-9582-F80247F8228A}.Release|x86.ActiveCfg = Release|Any CPU
		{53865B18-9097-467B-9582-F80247F8228A}.Release|x86.Build.0 = Release|Any CPU
		{D181033F-83A9-4D7E-A168-173B131BA95F}.Debug|Any CPU.ActiveCfg = Debug|Any CPU
		{D181033F-83A9-4D7E-A168-173B131BA95F}.Debug|Any CPU.Build.0 = Debug|Any CPU
		{D181033F-83A9-4D7E-A168-173B131BA95F}.Debug|ARM.ActiveCfg = Debug|Any CPU
		{D181033F-83A9-4D7E-A168-173B131BA95F}.Debug|ARM.Build.0 = Debug|Any CPU
		{D181033F-83A9-4D7E-A168-173B131BA95F}.Debug|x64.ActiveCfg = Debug|Any CPU
		{D181033F-83A9-4D7E-A168-173B131BA95F}.Debug|x64.Build.0 = Debug|Any CPU
		{D181033F-83A9-4D7E-A168-173B131BA95F}.Debug|x86.ActiveCfg = Debug|Any CPU
		{D181033F-83A9-4D7E-A168-173B131BA95F}.Debug|x86.Build.0 = Debug|Any CPU
		{D181033F-83A9-4D7E-A168-173B131BA95F}.Release|Any CPU.ActiveCfg = Release|Any CPU
		{D181033F-83A9-4D7E-A168-173B131BA95F}.Release|Any CPU.Build.0 = Release|Any CPU
		{D181033F-83A9-4D7E-A168-173B131BA95F}.Release|ARM.ActiveCfg = Release|Any CPU
		{D181033F-83A9-4D7E-A168-173B131BA95F}.Release|ARM.Build.0 = Release|Any CPU
		{D181033F-83A9-4D7E-A168-173B131BA95F}.Release|x64.ActiveCfg = Release|Any CPU
		{D181033F-83A9-4D7E-A168-173B131BA95F}.Release|x64.Build.0 = Release|Any CPU
		{D181033F-83A9-4D7E-A168-173B131BA95F}.Release|x86.ActiveCfg = Release|Any CPU
		{D181033F-83A9-4D7E-A168-173B131BA95F}.Release|x86.Build.0 = Release|Any CPU
		{5E4DC518-E3FD-4BA2-94C9-2BD8EA369852}.Debug|Any CPU.ActiveCfg = Debug|Any CPU
		{5E4DC518-E3FD-4BA2-94C9-2BD8EA369852}.Debug|Any CPU.Build.0 = Debug|Any CPU
		{5E4DC518-E3FD-4BA2-94C9-2BD8EA369852}.Debug|ARM.ActiveCfg = Debug|Any CPU
		{5E4DC518-E3FD-4BA2-94C9-2BD8EA369852}.Debug|ARM.Build.0 = Debug|Any CPU
		{5E4DC518-E3FD-4BA2-94C9-2BD8EA369852}.Debug|x64.ActiveCfg = Debug|Any CPU
		{5E4DC518-E3FD-4BA2-94C9-2BD8EA369852}.Debug|x64.Build.0 = Debug|Any CPU
		{5E4DC518-E3FD-4BA2-94C9-2BD8EA369852}.Debug|x86.ActiveCfg = Debug|Any CPU
		{5E4DC518-E3FD-4BA2-94C9-2BD8EA369852}.Debug|x86.Build.0 = Debug|Any CPU
		{5E4DC518-E3FD-4BA2-94C9-2BD8EA369852}.Release|Any CPU.ActiveCfg = Release|Any CPU
		{5E4DC518-E3FD-4BA2-94C9-2BD8EA369852}.Release|Any CPU.Build.0 = Release|Any CPU
		{5E4DC518-E3FD-4BA2-94C9-2BD8EA369852}.Release|ARM.ActiveCfg = Release|Any CPU
		{5E4DC518-E3FD-4BA2-94C9-2BD8EA369852}.Release|ARM.Build.0 = Release|Any CPU
		{5E4DC518-E3FD-4BA2-94C9-2BD8EA369852}.Release|x64.ActiveCfg = Release|Any CPU
		{5E4DC518-E3FD-4BA2-94C9-2BD8EA369852}.Release|x64.Build.0 = Release|Any CPU
		{5E4DC518-E3FD-4BA2-94C9-2BD8EA369852}.Release|x86.ActiveCfg = Release|Any CPU
		{5E4DC518-E3FD-4BA2-94C9-2BD8EA369852}.Release|x86.Build.0 = Release|Any CPU
		{86416D88-C5E9-484C-B399-54F854460519}.Debug|Any CPU.ActiveCfg = Debug|Any CPU
		{86416D88-C5E9-484C-B399-54F854460519}.Debug|Any CPU.Build.0 = Debug|Any CPU
		{86416D88-C5E9-484C-B399-54F854460519}.Debug|ARM.ActiveCfg = Debug|Any CPU
		{86416D88-C5E9-484C-B399-54F854460519}.Debug|ARM.Build.0 = Debug|Any CPU
		{86416D88-C5E9-484C-B399-54F854460519}.Debug|x64.ActiveCfg = Debug|Any CPU
		{86416D88-C5E9-484C-B399-54F854460519}.Debug|x64.Build.0 = Debug|Any CPU
		{86416D88-C5E9-484C-B399-54F854460519}.Debug|x86.ActiveCfg = Debug|Any CPU
		{86416D88-C5E9-484C-B399-54F854460519}.Debug|x86.Build.0 = Debug|Any CPU
		{86416D88-C5E9-484C-B399-54F854460519}.Release|Any CPU.ActiveCfg = Release|Any CPU
		{86416D88-C5E9-484C-B399-54F854460519}.Release|Any CPU.Build.0 = Release|Any CPU
		{86416D88-C5E9-484C-B399-54F854460519}.Release|ARM.ActiveCfg = Release|Any CPU
		{86416D88-C5E9-484C-B399-54F854460519}.Release|ARM.Build.0 = Release|Any CPU
		{86416D88-C5E9-484C-B399-54F854460519}.Release|x64.ActiveCfg = Release|Any CPU
		{86416D88-C5E9-484C-B399-54F854460519}.Release|x64.Build.0 = Release|Any CPU
		{86416D88-C5E9-484C-B399-54F854460519}.Release|x86.ActiveCfg = Release|Any CPU
		{86416D88-C5E9-484C-B399-54F854460519}.Release|x86.Build.0 = Release|Any CPU
	EndGlobalSection
	GlobalSection(SolutionProperties) = preSolution
		HideSolutionNode = FALSE
	EndGlobalSection
EndGlobal
